
Microsoft Visual Studio Solution File, Format Version 12.00
# Visual Studio Version 16
VisualStudioVersion = 16.0.31112.23
MinimumVisualStudioVersion = 10.0.40219.1
Project("{2150E333-8FDC-42A3-9474-1A3956D46DE8}") = "Chapter02", "Chapter02", "{AA103D42-6732-4468-8DF9-CA510551E886}"
EndProject
Project("{FAE04EC0-301F-11D3-BF4B-00C04F79EFBC}") = "DistanceConverter", "DistanceConverter\DistanceConverter.csproj", "{D38B8367-6680-4EB7-BAF1-6175574AEAD3}"
EndProject
Project("{FAE04EC0-301F-11D3-BF4B-00C04F79EFBC}") = "SalesCalculator", "SalesCalculator\SalesCalculator.csproj", "{D83DCB36-DF5A-4930-8F7B-4A6B0B4DCD81}"
EndProject
Project("{2150E333-8FDC-42A3-9474-1A3956D46DE8}") = "Exercise", "Exercise", "{0050BF56-1863-44F4-BDC6-6242C220A649}"
EndProject
Project("{FAE04EC0-301F-11D3-BF4B-00C04F79EFBC}") = "Exercise1", "Exercise\Exercise1.csproj", "{B2A51B05-D69B-4386-B966-A5EB0262CA80}"
EndProject
Project("{FAE04EC0-301F-11D3-BF4B-00C04F79EFBC}") = "Exercise2", "Exercise2\Exercise2.csproj", "{C8B4B5C9-121A-4CD4-ABFB-B433AB31D437}"
EndProject
Project("{FAE04EC0-301F-11D3-BF4B-00C04F79EFBC}") = "Exercise3", "Exercise3\Exercise3.csproj", "{FF868BB2-AE08-41E8-99DB-122F78442963}"
EndProject
Project("{2150E333-8FDC-42A3-9474-1A3956D46DE8}") = "Chapter03", "Chapter03", "{0B5F2467-E07E-430B-ACBF-07A823DA36CF}"
EndProject
Project("{FAE04EC0-301F-11D3-BF4B-00C04F79EFBC}") = "Section01", "Section01\Section01.csproj", "{A3A9E653-E0CB-43D5-93D1-B64B420D20A6}"
EndProject
Project("{FAE04EC0-301F-11D3-BF4B-00C04F79EFBC}") = "Section01", "Chapter04\Section01\Section01.csproj", "{7F2B309A-A995-4CD6-9370-A434E0A5FC05}"
EndProject
Project("{2150E333-8FDC-42A3-9474-1A3956D46DE8}") = "Chapter04", "Chapter04", "{037C0BCC-0938-4E98-97C1-C4AAEFA9B28A}"
EndProject
Project("{FAE04EC0-301F-11D3-BF4B-00C04F79EFBC}") = "Exercise1", "Chapter04\Exercise\Exercise1\Exercise1.csproj", "{5CCA801D-10BD-4EC2-BDEA-C1E6DDAA58CE}"
EndProject
Project("{2150E333-8FDC-42A3-9474-1A3956D46DE8}") = "Exercise", "Exercise", "{AA51090E-F5DD-497C-A581-20FF95A4647D}"
EndProject
Project("{FAE04EC0-301F-11D3-BF4B-00C04F79EFBC}") = "Exercise2", "Chapter04\Exercise\Exercise2\Exercise2.csproj", "{9DB7BDEA-5C43-4D22-831B-E76919058637}"
EndProject
Project("{FAE04EC0-301F-11D3-BF4B-00C04F79EFBC}") = "Exercise1", "Chapter05\Exercise1\Exercise1.csproj", "{1FFDFB38-04E9-4B4F-BD5A-791EF7C86CFC}"
EndProject
Project("{2150E333-8FDC-42A3-9474-1A3956D46DE8}") = "Chapter05", "Chapter05", "{AF1E4C2C-7019-4247-8BE9-0CDB2C10B016}"
EndProject
Project("{FAE04EC0-301F-11D3-BF4B-00C04F79EFBC}") = "Test01", "TestProject\Test01\Test01.csproj", "{2BFACDC3-F44D-4199-8498-F5C3C4AC0335}"
EndProject
Project("{FAE04EC0-301F-11D3-BF4B-00C04F79EFBC}") = "Test02", "TestProject\Test02\Test02.csproj", "{E461C0A8-8900-485C-B520-E929BA33F712}"
EndProject
Project("{2150E333-8FDC-42A3-9474-1A3956D46DE8}") = "TestProject", "TestProject", "{A7A096A4-2117-4BA0-803B-179D59AF408B}"
EndProject
Project("{FAE04EC0-301F-11D3-BF4B-00C04F79EFBC}") = "Exercise2", "Chapter05\Exercise2\Exercise2.csproj", "{96C8634A-7A05-4AE5-AD5F-3E2509BEC257}"
EndProject
Project("{FAE04EC0-301F-11D3-BF4B-00C04F79EFBC}") = "Exercise3", "Chapter05\Exercise3\Exercise3.csproj", "{7320757C-6BD4-4B8C-BA3B-68D4C21E3FEB}"
EndProject
Project("{FAE04EC0-301F-11D3-BF4B-00C04F79EFBC}") = "Section01", "Chapter06\Section01\Section01.csproj", "{614E7C5C-6E8E-442A-B438-837765FAC6DA}"
EndProject
Project("{2150E333-8FDC-42A3-9474-1A3956D46DE8}") = "Chapter06", "Chapter06", "{06E866F2-845D-4F44-B8B7-73F0A7B2169C}"
EndProject
Project("{FAE04EC0-301F-11D3-BF4B-00C04F79EFBC}") = "Exercise1", "Chapter06\Exercise\Exercise1\Exercise1.csproj", "{2E555405-9961-401D-8E51-2D1D8FA8723E}"
EndProject
Project("{FAE04EC0-301F-11D3-BF4B-00C04F79EFBC}") = "Exercise2", "Chapter06\Exercise\Exercise2\Exercise2\Exercise2.csproj", "{3F5CC129-8C79-4DF9-A6FB-F81DEBDC8613}"
EndProject
Project("{2150E333-8FDC-42A3-9474-1A3956D46DE8}") = "Chapter07", "Chapter07", "{CFB52CE5-379F-4C05-ACB5-B5F807046DE9}"
EndProject
Project("{FAE04EC0-301F-11D3-BF4B-00C04F79EFBC}") = "Section03", "Chapter07\Section03\Section03.csproj", "{9666A25E-BC82-487A-A2BF-FF02E7DD010C}"
EndProject
Project("{FAE04EC0-301F-11D3-BF4B-00C04F79EFBC}") = "Exercise1", "Chapter07\Exercise\Exercise1\Exercise1.csproj", "{915C2B41-D0C1-4C83-815C-52884B84CF75}"
EndProject
Project("{FAE04EC0-301F-11D3-BF4B-00C04F79EFBC}") = "Exercise2", "Chapter07\Exercise\Exercise2\Exercise2\Exercise2.csproj", "{5B3A80EB-DC18-4714-84BD-BCD22924CC4A}"
EndProject
Project("{FAE04EC0-301F-11D3-BF4B-00C04F79EFBC}") = "Exercise1", "Chapter08\Exercise1\Exercise1.csproj", "{591548C5-99C3-4C9B-991A-DAC9C3043D2F}"
EndProject
Project("{2150E333-8FDC-42A3-9474-1A3956D46DE8}") = "Chapter08", "Chapter08", "{5C72450D-E7D6-43B5-B473-D6B75437CAFC}"
EndProject
Project("{2150E333-8FDC-42A3-9474-1A3956D46DE8}") = "Exercise", "Exercise", "{E600CF96-BFB8-4DF9-9693-7F66585821D9}"
EndProject
Project("{FAE04EC0-301F-11D3-BF4B-00C04F79EFBC}") = "Exercise1", "Chapter08\Exercise\Exercise1\Exercise1.csproj", "{69646C0B-C1D4-4F25-B1C1-C15A5F13A9C9}"
EndProject
Project("{FAE04EC0-301F-11D3-BF4B-00C04F79EFBC}") = "StopWatch", "Chapter08\StopWatch\StopWatch.csproj", "{059543C8-FCE8-4EEA-8384-195884B644AF}"
EndProject
Project("{FAE04EC0-301F-11D3-BF4B-00C04F79EFBC}") = "CarReportSystem", "CarReportSystem\CarReportSystem.csproj", "{C82266BE-6C97-4294-89E1-F1FD0B87B6E0}"
EndProject
Project("{2150E333-8FDC-42A3-9474-1A3956D46DE8}") = "CarReportSystem", "CarReportSystem", "{E4859804-A590-49B5-AB4C-2AAF740228D0}"
EndProject
Project("{FAE04EC0-301F-11D3-BF4B-00C04F79EFBC}") = "Exercise1", "Chapter09\Exercise1\Exercise1.csproj", "{92805F02-17EE-4D23-B4DE-4CC2A74324CD}"
EndProject
Project("{2150E333-8FDC-42A3-9474-1A3956D46DE8}") = "Chapter09", "Chapter09", "{BDD7C530-437A-4811-9FD8-D3D529D4FA2B}"
EndProject
Project("{FAE04EC0-301F-11D3-BF4B-00C04F79EFBC}") = "Exercise2", "Chapter09\Exercise2\Exercise2.csproj", "{9E13461B-612F-4CD8-9724-6F48F6334A7D}"
EndProject
Project("{FAE04EC0-301F-11D3-BF4B-00C04F79EFBC}") = "Exercise3", "Chapter09\Exercise3\Exercise3.csproj", "{F4D4235B-3EF6-4DF1-A406-E4DAB2291CC5}"
EndProject
Project("{FAE04EC0-301F-11D3-BF4B-00C04F79EFBC}") = "Sample0823", "Sample0823\Sample0823.csproj", "{B4BFEF38-4829-4472-826D-8CE2C03A80A1}"
EndProject
Project("{FAE04EC0-301F-11D3-BF4B-00C04F79EFBC}") = "Section01", "Chapter11\Section01\Section01.csproj", "{32F6DEDE-66F6-473E-9DCB-44C1D51E482A}"
EndProject
Project("{2150E333-8FDC-42A3-9474-1A3956D46DE8}") = "Chapter11", "Chapter11", "{048FD239-D816-43FC-8F8F-F3963FD18107}"
EndProject
Project("{FAE04EC0-301F-11D3-BF4B-00C04F79EFBC}") = "Exercise1", "Chapter11\Exercise1\Exercise1.csproj", "{4AE3B00A-DAB5-4F23-9D5A-F18D7D0AB8D4}"
EndProject
Project("{FAE04EC0-301F-11D3-BF4B-00C04F79EFBC}") = "Section02", "Chapter11\Section02\Section02.csproj", "{A23E6E5C-F97A-48A3-9CA7-EA6ADCD35A29}"
EndProject
Project("{2150E333-8FDC-42A3-9474-1A3956D46DE8}") = "Chapter14", "Chapter14", "{75F48CF3-28B8-481A-98D6-78CC3AD06A20}"
EndProject
Project("{FAE04EC0-301F-11D3-BF4B-00C04F79EFBC}") = "Section04", "Chapter14\ConsoleApp1\Section04.csproj", "{A5A02796-A174-442F-A565-8D7BE73CC4FC}"
EndProject
Project("{2150E333-8FDC-42A3-9474-1A3956D46DE8}") = "WeatherApp", "WeatherApp", "{ECE2A6E8-2E0E-4617-B083-A04FE93E626E}"
EndProject
Project("{FAE04EC0-301F-11D3-BF4B-00C04F79EFBC}") = "WeatherApp", "WeatherApp\WeatherApp\WeatherApp.csproj", "{FD68DBE4-DACA-43FB-BE1F-0CE55DA13DB6}"
EndProject
Project("{2150E333-8FDC-42A3-9474-1A3956D46DE8}") = "RssReader", "RssReader", "{131DA6D8-46B2-478D-A160-AE1E0954FDAB}"
	ProjectSection(SolutionItems) = preProject
		RssReader\RssReader\ItemData.cs = RssReader\RssReader\ItemData.cs
	EndProjectSection
EndProject
Project("{FAE04EC0-301F-11D3-BF4B-00C04F79EFBC}") = "RssReader", "RssReader\RssReader\RssReader.csproj", "{E913582C-7BB4-431E-AD15-3CC953C89618}"
EndProject
Project("{2150E333-8FDC-42A3-9474-1A3956D46DE8}") = "SendMail", "SendMail", "{190D456A-ADD6-4C36-BE95-6E1D3A6FD3ED}"
	ProjectSection(SolutionItems) = preProject
		..\..\..\..\Desktop\テスト仕様書_〇〇〇〇.xlsx = ..\..\..\..\Desktop\テスト仕様書_〇〇〇〇.xlsx
	EndProjectSection
EndProject
Project("{FAE04EC0-301F-11D3-BF4B-00C04F79EFBC}") = "SendMail", "SendMail\SendMail\SendMail.csproj", "{65FAB1E5-4900-4AFF-B309-B1AE9F827373}"
EndProject
Project("{FAE04EC0-301F-11D3-BF4B-00C04F79EFBC}") = "Section04_Json", "Chapter14\Section04_Json\Section04_Json.csproj", "{1FBD4C87-98A4-49C9-A4EA-F42C53312089}"
EndProject
Project("{FAE04EC0-301F-11D3-BF4B-00C04F79EFBC}") = "SampleEntityFramework", "EntityFramework\SampleEntityFramework\SampleEntityFramework.csproj", "{063B6856-1040-493A-9393-D89C988154B0}"
EndProject
Project("{2150E333-8FDC-42A3-9474-1A3956D46DE8}") = "Chapter13", "Chapter13", "{B6F4347B-F368-46B1-920C-767FE42C9CC3}"
EndProject
Project("{2150E333-8FDC-42A3-9474-1A3956D46DE8}") = "ADO.NET", "ADO.NET", "{24E8EAD6-FC31-41C7-8036-C3C82D3A9E2A}"
EndProject
Project("{FAE04EC0-301F-11D3-BF4B-00C04F79EFBC}") = "AddressBook", "ADO.NET\AddressBook\AddressBook.csproj", "{4FCBB478-82FD-40DB-B95B-46430EE3FF52}"
EndProject
Project("{FAE04EC0-301F-11D3-BF4B-00C04F79EFBC}") = "SampleApp", "WPF\SampleApp\SampleApp.csproj", "{D5C3A22B-F007-4574-845C-6E350E88A988}"
EndProject
Project("{2150E333-8FDC-42A3-9474-1A3956D46DE8}") = "WPF", "WPF", "{E5ADB31A-ECFF-4BC4-B7C3-EBB4D5BD40A7}"
EndProject
Project("{FAE04EC0-301F-11D3-BF4B-00C04F79EFBC}") = "SampleGridApp", "WPF\SampleGridApp\SampleGridApp.csproj", "{3B9E8F0F-483C-4799-9BFA-003AFC24758A}"
EndProject
Project("{FAE04EC0-301F-11D3-BF4B-00C04F79EFBC}") = "SampleUnitConverter", "WPF\SampleUnitConverter\SampleUnitConverter.csproj", "{69B2F159-5769-4AB6-9EB5-D0B7AE996414}"
EndProject
Project("{FAE04EC0-301F-11D3-BF4B-00C04F79EFBC}") = "NumberGame", "WPF\NumberGame\NumberGame.csproj", "{57E76754-92A9-41C7-9139-B999A121FD5A}"
EndProject
Project("{2150E333-8FDC-42A3-9474-1A3956D46DE8}") = "Games", "Games", "{C094D5EC-6AA4-40B7-A35A-9183F4D4E52C}"
EndProject
Project("{FAE04EC0-301F-11D3-BF4B-00C04F79EFBC}") = "Pelmanism", "Games\Pelmanism\Pelmanism.csproj", "{96759D60-E05F-4C0E-BE8C-0E38A480F4D2}"
EndProject
Global
	GlobalSection(SolutionConfigurationPlatforms) = preSolution
		Debug|Any CPU = Debug|Any CPU
		Release|Any CPU = Release|Any CPU
	EndGlobalSection
	GlobalSection(ProjectConfigurationPlatforms) = postSolution
		{D38B8367-6680-4EB7-BAF1-6175574AEAD3}.Debug|Any CPU.ActiveCfg = Debug|Any CPU
		{D38B8367-6680-4EB7-BAF1-6175574AEAD3}.Debug|Any CPU.Build.0 = Debug|Any CPU
		{D38B8367-6680-4EB7-BAF1-6175574AEAD3}.Release|Any CPU.ActiveCfg = Release|Any CPU
		{D38B8367-6680-4EB7-BAF1-6175574AEAD3}.Release|Any CPU.Build.0 = Release|Any CPU
		{D83DCB36-DF5A-4930-8F7B-4A6B0B4DCD81}.Debug|Any CPU.ActiveCfg = Debug|Any CPU
		{D83DCB36-DF5A-4930-8F7B-4A6B0B4DCD81}.Debug|Any CPU.Build.0 = Debug|Any CPU
		{D83DCB36-DF5A-4930-8F7B-4A6B0B4DCD81}.Release|Any CPU.ActiveCfg = Release|Any CPU
		{D83DCB36-DF5A-4930-8F7B-4A6B0B4DCD81}.Release|Any CPU.Build.0 = Release|Any CPU
		{B2A51B05-D69B-4386-B966-A5EB0262CA80}.Debug|Any CPU.ActiveCfg = Debug|Any CPU
		{B2A51B05-D69B-4386-B966-A5EB0262CA80}.Debug|Any CPU.Build.0 = Debug|Any CPU
		{B2A51B05-D69B-4386-B966-A5EB0262CA80}.Release|Any CPU.ActiveCfg = Release|Any CPU
		{B2A51B05-D69B-4386-B966-A5EB0262CA80}.Release|Any CPU.Build.0 = Release|Any CPU
		{C8B4B5C9-121A-4CD4-ABFB-B433AB31D437}.Debug|Any CPU.ActiveCfg = Debug|Any CPU
		{C8B4B5C9-121A-4CD4-ABFB-B433AB31D437}.Debug|Any CPU.Build.0 = Debug|Any CPU
		{C8B4B5C9-121A-4CD4-ABFB-B433AB31D437}.Release|Any CPU.ActiveCfg = Release|Any CPU
		{C8B4B5C9-121A-4CD4-ABFB-B433AB31D437}.Release|Any CPU.Build.0 = Release|Any CPU
		{FF868BB2-AE08-41E8-99DB-122F78442963}.Debug|Any CPU.ActiveCfg = Debug|Any CPU
		{FF868BB2-AE08-41E8-99DB-122F78442963}.Debug|Any CPU.Build.0 = Debug|Any CPU
		{FF868BB2-AE08-41E8-99DB-122F78442963}.Release|Any CPU.ActiveCfg = Release|Any CPU
		{FF868BB2-AE08-41E8-99DB-122F78442963}.Release|Any CPU.Build.0 = Release|Any CPU
		{A3A9E653-E0CB-43D5-93D1-B64B420D20A6}.Debug|Any CPU.ActiveCfg = Debug|Any CPU
		{A3A9E653-E0CB-43D5-93D1-B64B420D20A6}.Debug|Any CPU.Build.0 = Debug|Any CPU
		{A3A9E653-E0CB-43D5-93D1-B64B420D20A6}.Release|Any CPU.ActiveCfg = Release|Any CPU
		{A3A9E653-E0CB-43D5-93D1-B64B420D20A6}.Release|Any CPU.Build.0 = Release|Any CPU
		{7F2B309A-A995-4CD6-9370-A434E0A5FC05}.Debug|Any CPU.ActiveCfg = Debug|Any CPU
		{7F2B309A-A995-4CD6-9370-A434E0A5FC05}.Debug|Any CPU.Build.0 = Debug|Any CPU
		{7F2B309A-A995-4CD6-9370-A434E0A5FC05}.Release|Any CPU.ActiveCfg = Release|Any CPU
		{7F2B309A-A995-4CD6-9370-A434E0A5FC05}.Release|Any CPU.Build.0 = Release|Any CPU
		{5CCA801D-10BD-4EC2-BDEA-C1E6DDAA58CE}.Debug|Any CPU.ActiveCfg = Debug|Any CPU
		{5CCA801D-10BD-4EC2-BDEA-C1E6DDAA58CE}.Debug|Any CPU.Build.0 = Debug|Any CPU
		{5CCA801D-10BD-4EC2-BDEA-C1E6DDAA58CE}.Release|Any CPU.ActiveCfg = Release|Any CPU
		{5CCA801D-10BD-4EC2-BDEA-C1E6DDAA58CE}.Release|Any CPU.Build.0 = Release|Any CPU
		{9DB7BDEA-5C43-4D22-831B-E76919058637}.Debug|Any CPU.ActiveCfg = Debug|Any CPU
		{9DB7BDEA-5C43-4D22-831B-E76919058637}.Debug|Any CPU.Build.0 = Debug|Any CPU
		{9DB7BDEA-5C43-4D22-831B-E76919058637}.Release|Any CPU.ActiveCfg = Release|Any CPU
		{9DB7BDEA-5C43-4D22-831B-E76919058637}.Release|Any CPU.Build.0 = Release|Any CPU
		{1FFDFB38-04E9-4B4F-BD5A-791EF7C86CFC}.Debug|Any CPU.ActiveCfg = Debug|Any CPU
		{1FFDFB38-04E9-4B4F-BD5A-791EF7C86CFC}.Debug|Any CPU.Build.0 = Debug|Any CPU
		{1FFDFB38-04E9-4B4F-BD5A-791EF7C86CFC}.Release|Any CPU.ActiveCfg = Release|Any CPU
		{1FFDFB38-04E9-4B4F-BD5A-791EF7C86CFC}.Release|Any CPU.Build.0 = Release|Any CPU
		{2BFACDC3-F44D-4199-8498-F5C3C4AC0335}.Debug|Any CPU.ActiveCfg = Debug|Any CPU
		{2BFACDC3-F44D-4199-8498-F5C3C4AC0335}.Debug|Any CPU.Build.0 = Debug|Any CPU
		{2BFACDC3-F44D-4199-8498-F5C3C4AC0335}.Release|Any CPU.ActiveCfg = Release|Any CPU
		{2BFACDC3-F44D-4199-8498-F5C3C4AC0335}.Release|Any CPU.Build.0 = Release|Any CPU
		{E461C0A8-8900-485C-B520-E929BA33F712}.Debug|Any CPU.ActiveCfg = Debug|Any CPU
		{E461C0A8-8900-485C-B520-E929BA33F712}.Debug|Any CPU.Build.0 = Debug|Any CPU
		{E461C0A8-8900-485C-B520-E929BA33F712}.Release|Any CPU.ActiveCfg = Release|Any CPU
		{E461C0A8-8900-485C-B520-E929BA33F712}.Release|Any CPU.Build.0 = Release|Any CPU
		{96C8634A-7A05-4AE5-AD5F-3E2509BEC257}.Debug|Any CPU.ActiveCfg = Debug|Any CPU
		{96C8634A-7A05-4AE5-AD5F-3E2509BEC257}.Debug|Any CPU.Build.0 = Debug|Any CPU
		{96C8634A-7A05-4AE5-AD5F-3E2509BEC257}.Release|Any CPU.ActiveCfg = Release|Any CPU
		{96C8634A-7A05-4AE5-AD5F-3E2509BEC257}.Release|Any CPU.Build.0 = Release|Any CPU
		{7320757C-6BD4-4B8C-BA3B-68D4C21E3FEB}.Debug|Any CPU.ActiveCfg = Debug|Any CPU
		{7320757C-6BD4-4B8C-BA3B-68D4C21E3FEB}.Debug|Any CPU.Build.0 = Debug|Any CPU
		{7320757C-6BD4-4B8C-BA3B-68D4C21E3FEB}.Release|Any CPU.ActiveCfg = Release|Any CPU
		{7320757C-6BD4-4B8C-BA3B-68D4C21E3FEB}.Release|Any CPU.Build.0 = Release|Any CPU
		{614E7C5C-6E8E-442A-B438-837765FAC6DA}.Debug|Any CPU.ActiveCfg = Debug|Any CPU
		{614E7C5C-6E8E-442A-B438-837765FAC6DA}.Debug|Any CPU.Build.0 = Debug|Any CPU
		{614E7C5C-6E8E-442A-B438-837765FAC6DA}.Release|Any CPU.ActiveCfg = Release|Any CPU
		{614E7C5C-6E8E-442A-B438-837765FAC6DA}.Release|Any CPU.Build.0 = Release|Any CPU
		{2E555405-9961-401D-8E51-2D1D8FA8723E}.Debug|Any CPU.ActiveCfg = Debug|Any CPU
		{2E555405-9961-401D-8E51-2D1D8FA8723E}.Debug|Any CPU.Build.0 = Debug|Any CPU
		{2E555405-9961-401D-8E51-2D1D8FA8723E}.Release|Any CPU.ActiveCfg = Release|Any CPU
		{2E555405-9961-401D-8E51-2D1D8FA8723E}.Release|Any CPU.Build.0 = Release|Any CPU
		{3F5CC129-8C79-4DF9-A6FB-F81DEBDC8613}.Debug|Any CPU.ActiveCfg = Debug|Any CPU
		{3F5CC129-8C79-4DF9-A6FB-F81DEBDC8613}.Debug|Any CPU.Build.0 = Debug|Any CPU
		{3F5CC129-8C79-4DF9-A6FB-F81DEBDC8613}.Release|Any CPU.ActiveCfg = Release|Any CPU
		{3F5CC129-8C79-4DF9-A6FB-F81DEBDC8613}.Release|Any CPU.Build.0 = Release|Any CPU
		{9666A25E-BC82-487A-A2BF-FF02E7DD010C}.Debug|Any CPU.ActiveCfg = Debug|Any CPU
		{9666A25E-BC82-487A-A2BF-FF02E7DD010C}.Debug|Any CPU.Build.0 = Debug|Any CPU
		{9666A25E-BC82-487A-A2BF-FF02E7DD010C}.Release|Any CPU.ActiveCfg = Release|Any CPU
		{9666A25E-BC82-487A-A2BF-FF02E7DD010C}.Release|Any CPU.Build.0 = Release|Any CPU
		{915C2B41-D0C1-4C83-815C-52884B84CF75}.Debug|Any CPU.ActiveCfg = Debug|Any CPU
		{915C2B41-D0C1-4C83-815C-52884B84CF75}.Debug|Any CPU.Build.0 = Debug|Any CPU
		{915C2B41-D0C1-4C83-815C-52884B84CF75}.Release|Any CPU.ActiveCfg = Release|Any CPU
		{915C2B41-D0C1-4C83-815C-52884B84CF75}.Release|Any CPU.Build.0 = Release|Any CPU
		{5B3A80EB-DC18-4714-84BD-BCD22924CC4A}.Debug|Any CPU.ActiveCfg = Debug|Any CPU
		{5B3A80EB-DC18-4714-84BD-BCD22924CC4A}.Debug|Any CPU.Build.0 = Debug|Any CPU
		{5B3A80EB-DC18-4714-84BD-BCD22924CC4A}.Release|Any CPU.ActiveCfg = Release|Any CPU
		{5B3A80EB-DC18-4714-84BD-BCD22924CC4A}.Release|Any CPU.Build.0 = Release|Any CPU
		{591548C5-99C3-4C9B-991A-DAC9C3043D2F}.Debug|Any CPU.ActiveCfg = Debug|Any CPU
		{591548C5-99C3-4C9B-991A-DAC9C3043D2F}.Debug|Any CPU.Build.0 = Debug|Any CPU
		{591548C5-99C3-4C9B-991A-DAC9C3043D2F}.Release|Any CPU.ActiveCfg = Release|Any CPU
		{591548C5-99C3-4C9B-991A-DAC9C3043D2F}.Release|Any CPU.Build.0 = Release|Any CPU
		{69646C0B-C1D4-4F25-B1C1-C15A5F13A9C9}.Debug|Any CPU.ActiveCfg = Debug|Any CPU
		{69646C0B-C1D4-4F25-B1C1-C15A5F13A9C9}.Debug|Any CPU.Build.0 = Debug|Any CPU
		{69646C0B-C1D4-4F25-B1C1-C15A5F13A9C9}.Release|Any CPU.ActiveCfg = Release|Any CPU
		{69646C0B-C1D4-4F25-B1C1-C15A5F13A9C9}.Release|Any CPU.Build.0 = Release|Any CPU
		{059543C8-FCE8-4EEA-8384-195884B644AF}.Debug|Any CPU.ActiveCfg = Debug|Any CPU
		{059543C8-FCE8-4EEA-8384-195884B644AF}.Debug|Any CPU.Build.0 = Debug|Any CPU
		{059543C8-FCE8-4EEA-8384-195884B644AF}.Release|Any CPU.ActiveCfg = Release|Any CPU
		{059543C8-FCE8-4EEA-8384-195884B644AF}.Release|Any CPU.Build.0 = Release|Any CPU
		{C82266BE-6C97-4294-89E1-F1FD0B87B6E0}.Debug|Any CPU.ActiveCfg = Debug|Any CPU
		{C82266BE-6C97-4294-89E1-F1FD0B87B6E0}.Debug|Any CPU.Build.0 = Debug|Any CPU
		{C82266BE-6C97-4294-89E1-F1FD0B87B6E0}.Release|Any CPU.ActiveCfg = Release|Any CPU
		{C82266BE-6C97-4294-89E1-F1FD0B87B6E0}.Release|Any CPU.Build.0 = Release|Any CPU
		{92805F02-17EE-4D23-B4DE-4CC2A74324CD}.Debug|Any CPU.ActiveCfg = Debug|Any CPU
		{92805F02-17EE-4D23-B4DE-4CC2A74324CD}.Debug|Any CPU.Build.0 = Debug|Any CPU
		{92805F02-17EE-4D23-B4DE-4CC2A74324CD}.Release|Any CPU.ActiveCfg = Release|Any CPU
		{92805F02-17EE-4D23-B4DE-4CC2A74324CD}.Release|Any CPU.Build.0 = Release|Any CPU
		{9E13461B-612F-4CD8-9724-6F48F6334A7D}.Debug|Any CPU.ActiveCfg = Debug|Any CPU
		{9E13461B-612F-4CD8-9724-6F48F6334A7D}.Debug|Any CPU.Build.0 = Debug|Any CPU
		{9E13461B-612F-4CD8-9724-6F48F6334A7D}.Release|Any CPU.ActiveCfg = Release|Any CPU
		{9E13461B-612F-4CD8-9724-6F48F6334A7D}.Release|Any CPU.Build.0 = Release|Any CPU
		{F4D4235B-3EF6-4DF1-A406-E4DAB2291CC5}.Debug|Any CPU.ActiveCfg = Debug|Any CPU
		{F4D4235B-3EF6-4DF1-A406-E4DAB2291CC5}.Debug|Any CPU.Build.0 = Debug|Any CPU
		{F4D4235B-3EF6-4DF1-A406-E4DAB2291CC5}.Release|Any CPU.ActiveCfg = Release|Any CPU
		{F4D4235B-3EF6-4DF1-A406-E4DAB2291CC5}.Release|Any CPU.Build.0 = Release|Any CPU
		{B4BFEF38-4829-4472-826D-8CE2C03A80A1}.Debug|Any CPU.ActiveCfg = Debug|Any CPU
		{B4BFEF38-4829-4472-826D-8CE2C03A80A1}.Debug|Any CPU.Build.0 = Debug|Any CPU
		{B4BFEF38-4829-4472-826D-8CE2C03A80A1}.Release|Any CPU.ActiveCfg = Release|Any CPU
		{B4BFEF38-4829-4472-826D-8CE2C03A80A1}.Release|Any CPU.Build.0 = Release|Any CPU
		{32F6DEDE-66F6-473E-9DCB-44C1D51E482A}.Debug|Any CPU.ActiveCfg = Debug|Any CPU
		{32F6DEDE-66F6-473E-9DCB-44C1D51E482A}.Debug|Any CPU.Build.0 = Debug|Any CPU
		{32F6DEDE-66F6-473E-9DCB-44C1D51E482A}.Release|Any CPU.ActiveCfg = Release|Any CPU
		{32F6DEDE-66F6-473E-9DCB-44C1D51E482A}.Release|Any CPU.Build.0 = Release|Any CPU
		{4AE3B00A-DAB5-4F23-9D5A-F18D7D0AB8D4}.Debug|Any CPU.ActiveCfg = Debug|Any CPU
		{4AE3B00A-DAB5-4F23-9D5A-F18D7D0AB8D4}.Debug|Any CPU.Build.0 = Debug|Any CPU
		{4AE3B00A-DAB5-4F23-9D5A-F18D7D0AB8D4}.Release|Any CPU.ActiveCfg = Release|Any CPU
		{4AE3B00A-DAB5-4F23-9D5A-F18D7D0AB8D4}.Release|Any CPU.Build.0 = Release|Any CPU
		{A23E6E5C-F97A-48A3-9CA7-EA6ADCD35A29}.Debug|Any CPU.ActiveCfg = Debug|Any CPU
		{A23E6E5C-F97A-48A3-9CA7-EA6ADCD35A29}.Debug|Any CPU.Build.0 = Debug|Any CPU
		{A23E6E5C-F97A-48A3-9CA7-EA6ADCD35A29}.Release|Any CPU.ActiveCfg = Release|Any CPU
		{A23E6E5C-F97A-48A3-9CA7-EA6ADCD35A29}.Release|Any CPU.Build.0 = Release|Any CPU
		{A5A02796-A174-442F-A565-8D7BE73CC4FC}.Debug|Any CPU.ActiveCfg = Debug|Any CPU
		{A5A02796-A174-442F-A565-8D7BE73CC4FC}.Debug|Any CPU.Build.0 = Debug|Any CPU
		{A5A02796-A174-442F-A565-8D7BE73CC4FC}.Release|Any CPU.ActiveCfg = Release|Any CPU
		{A5A02796-A174-442F-A565-8D7BE73CC4FC}.Release|Any CPU.Build.0 = Release|Any CPU
		{FD68DBE4-DACA-43FB-BE1F-0CE55DA13DB6}.Debug|Any CPU.ActiveCfg = Debug|Any CPU
		{FD68DBE4-DACA-43FB-BE1F-0CE55DA13DB6}.Debug|Any CPU.Build.0 = Debug|Any CPU
		{FD68DBE4-DACA-43FB-BE1F-0CE55DA13DB6}.Release|Any CPU.ActiveCfg = Release|Any CPU
		{FD68DBE4-DACA-43FB-BE1F-0CE55DA13DB6}.Release|Any CPU.Build.0 = Release|Any CPU
		{E913582C-7BB4-431E-AD15-3CC953C89618}.Debug|Any CPU.ActiveCfg = Debug|Any CPU
		{E913582C-7BB4-431E-AD15-3CC953C89618}.Debug|Any CPU.Build.0 = Debug|Any CPU
		{E913582C-7BB4-431E-AD15-3CC953C89618}.Release|Any CPU.ActiveCfg = Release|Any CPU
		{E913582C-7BB4-431E-AD15-3CC953C89618}.Release|Any CPU.Build.0 = Release|Any CPU
		{65FAB1E5-4900-4AFF-B309-B1AE9F827373}.Debug|Any CPU.ActiveCfg = Debug|Any CPU
		{65FAB1E5-4900-4AFF-B309-B1AE9F827373}.Debug|Any CPU.Build.0 = Debug|Any CPU
		{65FAB1E5-4900-4AFF-B309-B1AE9F827373}.Release|Any CPU.ActiveCfg = Release|Any CPU
		{65FAB1E5-4900-4AFF-B309-B1AE9F827373}.Release|Any CPU.Build.0 = Release|Any CPU
		{1FBD4C87-98A4-49C9-A4EA-F42C53312089}.Debug|Any CPU.ActiveCfg = Debug|Any CPU
		{1FBD4C87-98A4-49C9-A4EA-F42C53312089}.Debug|Any CPU.Build.0 = Debug|Any CPU
		{1FBD4C87-98A4-49C9-A4EA-F42C53312089}.Release|Any CPU.ActiveCfg = Release|Any CPU
		{1FBD4C87-98A4-49C9-A4EA-F42C53312089}.Release|Any CPU.Build.0 = Release|Any CPU
		{063B6856-1040-493A-9393-D89C988154B0}.Debug|Any CPU.ActiveCfg = Debug|Any CPU
		{063B6856-1040-493A-9393-D89C988154B0}.Debug|Any CPU.Build.0 = Debug|Any CPU
		{063B6856-1040-493A-9393-D89C988154B0}.Release|Any CPU.ActiveCfg = Release|Any CPU
		{063B6856-1040-493A-9393-D89C988154B0}.Release|Any CPU.Build.0 = Release|Any CPU
		{4FCBB478-82FD-40DB-B95B-46430EE3FF52}.Debug|Any CPU.ActiveCfg = Debug|Any CPU
		{4FCBB478-82FD-40DB-B95B-46430EE3FF52}.Debug|Any CPU.Build.0 = Debug|Any CPU
		{4FCBB478-82FD-40DB-B95B-46430EE3FF52}.Release|Any CPU.ActiveCfg = Release|Any CPU
		{4FCBB478-82FD-40DB-B95B-46430EE3FF52}.Release|Any CPU.Build.0 = Release|Any CPU
		{D5C3A22B-F007-4574-845C-6E350E88A988}.Debug|Any CPU.ActiveCfg = Debug|Any CPU
		{D5C3A22B-F007-4574-845C-6E350E88A988}.Debug|Any CPU.Build.0 = Debug|Any CPU
		{D5C3A22B-F007-4574-845C-6E350E88A988}.Release|Any CPU.ActiveCfg = Release|Any CPU
		{D5C3A22B-F007-4574-845C-6E350E88A988}.Release|Any CPU.Build.0 = Release|Any CPU
		{3B9E8F0F-483C-4799-9BFA-003AFC24758A}.Debug|Any CPU.ActiveCfg = Debug|Any CPU
		{3B9E8F0F-483C-4799-9BFA-003AFC24758A}.Debug|Any CPU.Build.0 = Debug|Any CPU
		{3B9E8F0F-483C-4799-9BFA-003AFC24758A}.Release|Any CPU.ActiveCfg = Release|Any CPU
		{3B9E8F0F-483C-4799-9BFA-003AFC24758A}.Release|Any CPU.Build.0 = Release|Any CPU
		{69B2F159-5769-4AB6-9EB5-D0B7AE996414}.Debug|Any CPU.ActiveCfg = Debug|Any CPU
		{69B2F159-5769-4AB6-9EB5-D0B7AE996414}.Debug|Any CPU.Build.0 = Debug|Any CPU
		{69B2F159-5769-4AB6-9EB5-D0B7AE996414}.Release|Any CPU.ActiveCfg = Release|Any CPU
		{69B2F159-5769-4AB6-9EB5-D0B7AE996414}.Release|Any CPU.Build.0 = Release|Any CPU
		{57E76754-92A9-41C7-9139-B999A121FD5A}.Debug|Any CPU.ActiveCfg = Debug|Any CPU
		{57E76754-92A9-41C7-9139-B999A121FD5A}.Debug|Any CPU.Build.0 = Debug|Any CPU
		{57E76754-92A9-41C7-9139-B999A121FD5A}.Release|Any CPU.ActiveCfg = Release|Any CPU
		{57E76754-92A9-41C7-9139-B999A121FD5A}.Release|Any CPU.Build.0 = Release|Any CPU
		{96759D60-E05F-4C0E-BE8C-0E38A480F4D2}.Debug|Any CPU.ActiveCfg = Debug|Any CPU
		{96759D60-E05F-4C0E-BE8C-0E38A480F4D2}.Debug|Any CPU.Build.0 = Debug|Any CPU
		{96759D60-E05F-4C0E-BE8C-0E38A480F4D2}.Release|Any CPU.ActiveCfg = Release|Any CPU
		{96759D60-E05F-4C0E-BE8C-0E38A480F4D2}.Release|Any CPU.Build.0 = Release|Any CPU
	EndGlobalSection
	GlobalSection(SolutionProperties) = preSolution
		HideSolutionNode = FALSE
	EndGlobalSection
	GlobalSection(NestedProjects) = preSolution
		{D38B8367-6680-4EB7-BAF1-6175574AEAD3} = {AA103D42-6732-4468-8DF9-CA510551E886}
		{D83DCB36-DF5A-4930-8F7B-4A6B0B4DCD81} = {AA103D42-6732-4468-8DF9-CA510551E886}
		{0050BF56-1863-44F4-BDC6-6242C220A649} = {AA103D42-6732-4468-8DF9-CA510551E886}
		{B2A51B05-D69B-4386-B966-A5EB0262CA80} = {0050BF56-1863-44F4-BDC6-6242C220A649}
		{C8B4B5C9-121A-4CD4-ABFB-B433AB31D437} = {0050BF56-1863-44F4-BDC6-6242C220A649}
		{FF868BB2-AE08-41E8-99DB-122F78442963} = {0050BF56-1863-44F4-BDC6-6242C220A649}
		{A3A9E653-E0CB-43D5-93D1-B64B420D20A6} = {0B5F2467-E07E-430B-ACBF-07A823DA36CF}
		{7F2B309A-A995-4CD6-9370-A434E0A5FC05} = {037C0BCC-0938-4E98-97C1-C4AAEFA9B28A}
		{5CCA801D-10BD-4EC2-BDEA-C1E6DDAA58CE} = {AA51090E-F5DD-497C-A581-20FF95A4647D}
		{AA51090E-F5DD-497C-A581-20FF95A4647D} = {037C0BCC-0938-4E98-97C1-C4AAEFA9B28A}
		{9DB7BDEA-5C43-4D22-831B-E76919058637} = {AA51090E-F5DD-497C-A581-20FF95A4647D}
		{1FFDFB38-04E9-4B4F-BD5A-791EF7C86CFC} = {AF1E4C2C-7019-4247-8BE9-0CDB2C10B016}
		{2BFACDC3-F44D-4199-8498-F5C3C4AC0335} = {A7A096A4-2117-4BA0-803B-179D59AF408B}
		{E461C0A8-8900-485C-B520-E929BA33F712} = {A7A096A4-2117-4BA0-803B-179D59AF408B}
		{96C8634A-7A05-4AE5-AD5F-3E2509BEC257} = {AF1E4C2C-7019-4247-8BE9-0CDB2C10B016}
		{7320757C-6BD4-4B8C-BA3B-68D4C21E3FEB} = {AF1E4C2C-7019-4247-8BE9-0CDB2C10B016}
		{614E7C5C-6E8E-442A-B438-837765FAC6DA} = {06E866F2-845D-4F44-B8B7-73F0A7B2169C}
		{2E555405-9961-401D-8E51-2D1D8FA8723E} = {06E866F2-845D-4F44-B8B7-73F0A7B2169C}
		{3F5CC129-8C79-4DF9-A6FB-F81DEBDC8613} = {06E866F2-845D-4F44-B8B7-73F0A7B2169C}
		{9666A25E-BC82-487A-A2BF-FF02E7DD010C} = {CFB52CE5-379F-4C05-ACB5-B5F807046DE9}
		{915C2B41-D0C1-4C83-815C-52884B84CF75} = {CFB52CE5-379F-4C05-ACB5-B5F807046DE9}
		{5B3A80EB-DC18-4714-84BD-BCD22924CC4A} = {CFB52CE5-379F-4C05-ACB5-B5F807046DE9}
		{591548C5-99C3-4C9B-991A-DAC9C3043D2F} = {5C72450D-E7D6-43B5-B473-D6B75437CAFC}
		{E600CF96-BFB8-4DF9-9693-7F66585821D9} = {5C72450D-E7D6-43B5-B473-D6B75437CAFC}
		{69646C0B-C1D4-4F25-B1C1-C15A5F13A9C9} = {E600CF96-BFB8-4DF9-9693-7F66585821D9}
		{059543C8-FCE8-4EEA-8384-195884B644AF} = {E600CF96-BFB8-4DF9-9693-7F66585821D9}
		{C82266BE-6C97-4294-89E1-F1FD0B87B6E0} = {E4859804-A590-49B5-AB4C-2AAF740228D0}
		{92805F02-17EE-4D23-B4DE-4CC2A74324CD} = {BDD7C530-437A-4811-9FD8-D3D529D4FA2B}
		{9E13461B-612F-4CD8-9724-6F48F6334A7D} = {BDD7C530-437A-4811-9FD8-D3D529D4FA2B}
		{F4D4235B-3EF6-4DF1-A406-E4DAB2291CC5} = {BDD7C530-437A-4811-9FD8-D3D529D4FA2B}
		{32F6DEDE-66F6-473E-9DCB-44C1D51E482A} = {048FD239-D816-43FC-8F8F-F3963FD18107}
		{4AE3B00A-DAB5-4F23-9D5A-F18D7D0AB8D4} = {048FD239-D816-43FC-8F8F-F3963FD18107}
		{A23E6E5C-F97A-48A3-9CA7-EA6ADCD35A29} = {048FD239-D816-43FC-8F8F-F3963FD18107}
		{A5A02796-A174-442F-A565-8D7BE73CC4FC} = {75F48CF3-28B8-481A-98D6-78CC3AD06A20}
		{FD68DBE4-DACA-43FB-BE1F-0CE55DA13DB6} = {ECE2A6E8-2E0E-4617-B083-A04FE93E626E}
		{E913582C-7BB4-431E-AD15-3CC953C89618} = {131DA6D8-46B2-478D-A160-AE1E0954FDAB}
		{65FAB1E5-4900-4AFF-B309-B1AE9F827373} = {190D456A-ADD6-4C36-BE95-6E1D3A6FD3ED}
		{1FBD4C87-98A4-49C9-A4EA-F42C53312089} = {75F48CF3-28B8-481A-98D6-78CC3AD06A20}
		{063B6856-1040-493A-9393-D89C988154B0} = {B6F4347B-F368-46B1-920C-767FE42C9CC3}
		{4FCBB478-82FD-40DB-B95B-46430EE3FF52} = {24E8EAD6-FC31-41C7-8036-C3C82D3A9E2A}
		{D5C3A22B-F007-4574-845C-6E350E88A988} = {E5ADB31A-ECFF-4BC4-B7C3-EBB4D5BD40A7}
		{3B9E8F0F-483C-4799-9BFA-003AFC24758A} = {E5ADB31A-ECFF-4BC4-B7C3-EBB4D5BD40A7}
		{69B2F159-5769-4AB6-9EB5-D0B7AE996414} = {E5ADB31A-ECFF-4BC4-B7C3-EBB4D5BD40A7}
		{57E76754-92A9-41C7-9139-B999A121FD5A} = {E5ADB31A-ECFF-4BC4-B7C3-EBB4D5BD40A7}
		{96759D60-E05F-4C0E-BE8C-0E38A480F4D2} = {C094D5EC-6AA4-40B7-A35A-9183F4D4E52C}
	EndGlobalSection
	GlobalSection(ExtensibilityGlobals) = postSolution
		SolutionGuid = {637F1288-A114-43D8-A7FF-4B3E5504041A}
	EndGlobalSection
EndGlobal
