
Microsoft Visual Studio Solution File, Format Version 12.00
# Visual Studio Version 16
VisualStudioVersion = 16.0.31112.23
MinimumVisualStudioVersion = 10.0.40219.1
Project("{2150E333-8FDC-42A3-9474-1A3956D46DE8}") = "Chapter01", "Chapter01", "{AA103D42-6732-4468-8DF9-CA510551E886}"
EndProject
Project("{FAE04EC0-301F-11D3-BF4B-00C04F79EFBC}") = "DistanceConverter", "DistanceConverter\DistanceConverter.csproj", "{D38B8367-6680-4EB7-BAF1-6175574AEAD3}"
EndProject
Global
	GlobalSection(SolutionConfigurationPlatforms) = preSolution
		Debug|Any CPU = Debug|Any CPU
		Release|Any CPU = Release|Any CPU
	EndGlobalSection
	GlobalSection(ProjectConfigurationPlatforms) = postSolution
		{D38B8367-6680-4EB7-BAF1-6175574AEAD3}.Debug|Any CPU.ActiveCfg = Debug|Any CPU
		{D38B8367-6680-4EB7-BAF1-6175574AEAD3}.Debug|Any CPU.Build.0 = Debug|Any CPU
		{D38B8367-6680-4EB7-BAF1-6175574AEAD3}.Release|Any CPU.ActiveCfg = Release|Any CPU
		{D38B8367-6680-4EB7-BAF1-6175574AEAD3}.Release|Any CPU.Build.0 = Release|Any CPU
	EndGlobalSection
	GlobalSection(SolutionProperties) = preSolution
		HideSolutionNode = FALSE
	EndGlobalSection
	GlobalSection(NestedProjects) = preSolution
		{D38B8367-6680-4EB7-BAF1-6175574AEAD3} = {AA103D42-6732-4468-8DF9-CA510551E886}
	EndGlobalSection
	GlobalSection(ExtensibilityGlobals) = postSolution
		SolutionGuid = {637F1288-A114-43D8-A7FF-4B3E5504041A}
	EndGlobalSection
EndGlobal
