
Microsoft Visual Studio Solution File, Format Version 12.00
# Visual Studio Version 16
VisualStudioVersion = 16.0.31112.23
MinimumVisualStudioVersion = 10.0.40219.1
Project("{2150E333-8FDC-42A3-9474-1A3956D46DE8}") = "Chapter02", "Chapter02", "{AA103D42-6732-4468-8DF9-CA510551E886}"
EndProject
Project("{FAE04EC0-301F-11D3-BF4B-00C04F79EFBC}") = "DistanceConverter", "DistanceConverter\DistanceConverter.csproj", "{D38B8367-6680-4EB7-BAF1-6175574AEAD3}"
EndProject
Project("{FAE04EC0-301F-11D3-BF4B-00C04F79EFBC}") = "SalesCalculator", "SalesCalculator\SalesCalculator.csproj", "{D83DCB36-DF5A-4930-8F7B-4A6B0B4DCD81}"
EndProject
Project("{2150E333-8FDC-42A3-9474-1A3956D46DE8}") = "Exercise", "Exercise", "{0050BF56-1863-44F4-BDC6-6242C220A649}"
EndProject
Project("{FAE04EC0-301F-11D3-BF4B-00C04F79EFBC}") = "Exercise1", "Exercise\Exercise1.csproj", "{B2A51B05-D69B-4386-B966-A5EB0262CA80}"
EndProject
Project("{FAE04EC0-301F-11D3-BF4B-00C04F79EFBC}") = "Exercise2", "Exercise2\Exercise2.csproj", "{C8B4B5C9-121A-4CD4-ABFB-B433AB31D437}"
EndProject
Project("{FAE04EC0-301F-11D3-BF4B-00C04F79EFBC}") = "Exercise3", "Exercise3\Exercise3.csproj", "{FF868BB2-AE08-41E8-99DB-122F78442963}"
EndProject
Project("{2150E333-8FDC-42A3-9474-1A3956D46DE8}") = "Chapter03", "Chapter03", "{0B5F2467-E07E-430B-ACBF-07A823DA36CF}"
EndProject
Project("{FAE04EC0-301F-11D3-BF4B-00C04F79EFBC}") = "Section01", "Section01\Section01.csproj", "{A3A9E653-E0CB-43D5-93D1-B64B420D20A6}"
EndProject
Project("{FAE04EC0-301F-11D3-BF4B-00C04F79EFBC}") = "Section01", "Chapter04\Section01\Section01.csproj", "{7F2B309A-A995-4CD6-9370-A434E0A5FC05}"
EndProject
Project("{2150E333-8FDC-42A3-9474-1A3956D46DE8}") = "Chapter04", "Chapter04", "{037C0BCC-0938-4E98-97C1-C4AAEFA9B28A}"
EndProject
Project("{FAE04EC0-301F-11D3-BF4B-00C04F79EFBC}") = "Exercise1", "Chapter04\Exercise\Exercise1\Exercise1.csproj", "{5CCA801D-10BD-4EC2-BDEA-C1E6DDAA58CE}"
EndProject
Project("{2150E333-8FDC-42A3-9474-1A3956D46DE8}") = "Exercise", "Exercise", "{AA51090E-F5DD-497C-A581-20FF95A4647D}"
EndProject
Project("{FAE04EC0-301F-11D3-BF4B-00C04F79EFBC}") = "Exercise2", "Chapter04\Exercise\Exercise2\Exercise2.csproj", "{9DB7BDEA-5C43-4D22-831B-E76919058637}"
EndProject
Global
	GlobalSection(SolutionConfigurationPlatforms) = preSolution
		Debug|Any CPU = Debug|Any CPU
		Release|Any CPU = Release|Any CPU
	EndGlobalSection
	GlobalSection(ProjectConfigurationPlatforms) = postSolution
		{D38B8367-6680-4EB7-BAF1-6175574AEAD3}.Debug|Any CPU.ActiveCfg = Debug|Any CPU
		{D38B8367-6680-4EB7-BAF1-6175574AEAD3}.Debug|Any CPU.Build.0 = Debug|Any CPU
		{D38B8367-6680-4EB7-BAF1-6175574AEAD3}.Release|Any CPU.ActiveCfg = Release|Any CPU
		{D38B8367-6680-4EB7-BAF1-6175574AEAD3}.Release|Any CPU.Build.0 = Release|Any CPU
		{D83DCB36-DF5A-4930-8F7B-4A6B0B4DCD81}.Debug|Any CPU.ActiveCfg = Debug|Any CPU
		{D83DCB36-DF5A-4930-8F7B-4A6B0B4DCD81}.Debug|Any CPU.Build.0 = Debug|Any CPU
		{D83DCB36-DF5A-4930-8F7B-4A6B0B4DCD81}.Release|Any CPU.ActiveCfg = Release|Any CPU
		{D83DCB36-DF5A-4930-8F7B-4A6B0B4DCD81}.Release|Any CPU.Build.0 = Release|Any CPU
		{B2A51B05-D69B-4386-B966-A5EB0262CA80}.Debug|Any CPU.ActiveCfg = Debug|Any CPU
		{B2A51B05-D69B-4386-B966-A5EB0262CA80}.Debug|Any CPU.Build.0 = Debug|Any CPU
		{B2A51B05-D69B-4386-B966-A5EB0262CA80}.Release|Any CPU.ActiveCfg = Release|Any CPU
		{B2A51B05-D69B-4386-B966-A5EB0262CA80}.Release|Any CPU.Build.0 = Release|Any CPU
		{C8B4B5C9-121A-4CD4-ABFB-B433AB31D437}.Debug|Any CPU.ActiveCfg = Debug|Any CPU
		{C8B4B5C9-121A-4CD4-ABFB-B433AB31D437}.Debug|Any CPU.Build.0 = Debug|Any CPU
		{C8B4B5C9-121A-4CD4-ABFB-B433AB31D437}.Release|Any CPU.ActiveCfg = Release|Any CPU
		{C8B4B5C9-121A-4CD4-ABFB-B433AB31D437}.Release|Any CPU.Build.0 = Release|Any CPU
		{FF868BB2-AE08-41E8-99DB-122F78442963}.Debug|Any CPU.ActiveCfg = Debug|Any CPU
		{FF868BB2-AE08-41E8-99DB-122F78442963}.Debug|Any CPU.Build.0 = Debug|Any CPU
		{FF868BB2-AE08-41E8-99DB-122F78442963}.Release|Any CPU.ActiveCfg = Release|Any CPU
		{FF868BB2-AE08-41E8-99DB-122F78442963}.Release|Any CPU.Build.0 = Release|Any CPU
		{A3A9E653-E0CB-43D5-93D1-B64B420D20A6}.Debug|Any CPU.ActiveCfg = Debug|Any CPU
		{A3A9E653-E0CB-43D5-93D1-B64B420D20A6}.Debug|Any CPU.Build.0 = Debug|Any CPU
		{A3A9E653-E0CB-43D5-93D1-B64B420D20A6}.Release|Any CPU.ActiveCfg = Release|Any CPU
		{A3A9E653-E0CB-43D5-93D1-B64B420D20A6}.Release|Any CPU.Build.0 = Release|Any CPU
		{7F2B309A-A995-4CD6-9370-A434E0A5FC05}.Debug|Any CPU.ActiveCfg = Debug|Any CPU
		{7F2B309A-A995-4CD6-9370-A434E0A5FC05}.Debug|Any CPU.Build.0 = Debug|Any CPU
		{7F2B309A-A995-4CD6-9370-A434E0A5FC05}.Release|Any CPU.ActiveCfg = Release|Any CPU
		{7F2B309A-A995-4CD6-9370-A434E0A5FC05}.Release|Any CPU.Build.0 = Release|Any CPU
		{5CCA801D-10BD-4EC2-BDEA-C1E6DDAA58CE}.Debug|Any CPU.ActiveCfg = Debug|Any CPU
		{5CCA801D-10BD-4EC2-BDEA-C1E6DDAA58CE}.Debug|Any CPU.Build.0 = Debug|Any CPU
		{5CCA801D-10BD-4EC2-BDEA-C1E6DDAA58CE}.Release|Any CPU.ActiveCfg = Release|Any CPU
		{5CCA801D-10BD-4EC2-BDEA-C1E6DDAA58CE}.Release|Any CPU.Build.0 = Release|Any CPU
		{9DB7BDEA-5C43-4D22-831B-E76919058637}.Debug|Any CPU.ActiveCfg = Debug|Any CPU
		{9DB7BDEA-5C43-4D22-831B-E76919058637}.Debug|Any CPU.Build.0 = Debug|Any CPU
		{9DB7BDEA-5C43-4D22-831B-E76919058637}.Release|Any CPU.ActiveCfg = Release|Any CPU
		{9DB7BDEA-5C43-4D22-831B-E76919058637}.Release|Any CPU.Build.0 = Release|Any CPU
	EndGlobalSection
	GlobalSection(SolutionProperties) = preSolution
		HideSolutionNode = FALSE
	EndGlobalSection
	GlobalSection(NestedProjects) = preSolution
		{D38B8367-6680-4EB7-BAF1-6175574AEAD3} = {AA103D42-6732-4468-8DF9-CA510551E886}
		{D83DCB36-DF5A-4930-8F7B-4A6B0B4DCD81} = {AA103D42-6732-4468-8DF9-CA510551E886}
		{0050BF56-1863-44F4-BDC6-6242C220A649} = {AA103D42-6732-4468-8DF9-CA510551E886}
		{B2A51B05-D69B-4386-B966-A5EB0262CA80} = {0050BF56-1863-44F4-BDC6-6242C220A649}
		{C8B4B5C9-121A-4CD4-ABFB-B433AB31D437} = {0050BF56-1863-44F4-BDC6-6242C220A649}
		{FF868BB2-AE08-41E8-99DB-122F78442963} = {0050BF56-1863-44F4-BDC6-6242C220A649}
		{A3A9E653-E0CB-43D5-93D1-B64B420D20A6} = {0B5F2467-E07E-430B-ACBF-07A823DA36CF}
		{7F2B309A-A995-4CD6-9370-A434E0A5FC05} = {037C0BCC-0938-4E98-97C1-C4AAEFA9B28A}
		{5CCA801D-10BD-4EC2-BDEA-C1E6DDAA58CE} = {AA51090E-F5DD-497C-A581-20FF95A4647D}
		{AA51090E-F5DD-497C-A581-20FF95A4647D} = {037C0BCC-0938-4E98-97C1-C4AAEFA9B28A}
		{9DB7BDEA-5C43-4D22-831B-E76919058637} = {AA51090E-F5DD-497C-A581-20FF95A4647D}
	EndGlobalSection
	GlobalSection(ExtensibilityGlobals) = postSolution
		SolutionGuid = {637F1288-A114-43D8-A7FF-4B3E5504041A}
	EndGlobalSection
EndGlobal
